// !$*UTF8*$!
{
	archiveVersion = 1;
	classes = {
	};
	objectVersion = 46;
	objects = {

/* Begin PBXBuildFile section */
		8DDB102D020FDDA67AA61929 /* libPods.a in Frameworks */ = {isa = PBXBuildFile; fileRef = 882F337BE83084A59FA152F2 /* libPods.a */; };
		A34CCC681B822C13005D26CC /* main.m in Sources */ = {isa = PBXBuildFile; fileRef = A34CCC671B822C13005D26CC /* main.m */; };
		A34CCC6B1B822C13005D26CC /* AppDelegate.m in Sources */ = {isa = PBXBuildFile; fileRef = A34CCC6A1B822C13005D26CC /* AppDelegate.m */; };
		A34CCC6E1B822C13005D26CC /* HowToUseMasony.xcdatamodeld in Sources */ = {isa = PBXBuildFile; fileRef = A34CCC6C1B822C13005D26CC /* HowToUseMasony.xcdatamodeld */; };
		A34CCC711B822C13005D26CC /* ViewController.m in Sources */ = {isa = PBXBuildFile; fileRef = A34CCC701B822C13005D26CC /* ViewController.m */; };
		A34CCC741B822C13005D26CC /* Main.storyboard in Resources */ = {isa = PBXBuildFile; fileRef = A34CCC721B822C13005D26CC /* Main.storyboard */; };
		A34CCC761B822C13005D26CC /* Images.xcassets in Resources */ = {isa = PBXBuildFile; fileRef = A34CCC751B822C13005D26CC /* Images.xcassets */; };
		A34CCC791B822C13005D26CC /* LaunchScreen.xib in Resources */ = {isa = PBXBuildFile; fileRef = A34CCC771B822C13005D26CC /* LaunchScreen.xib */; };
		A34CCC851B822C13005D26CC /* HowToUseMasonyTests.m in Sources */ = {isa = PBXBuildFile; fileRef = A34CCC841B822C13005D26CC /* HowToUseMasonyTests.m */; };
		A38FE83E1B84AAD8007A2B0F /* subViewOne.m in Sources */ = {isa = PBXBuildFile; fileRef = A38FE83D1B84AAD8007A2B0F /* subViewOne.m */; };
/* End PBXBuildFile section */

/* Begin PBXContainerItemProxy section */
		A34CCC7F1B822C13005D26CC /* PBXContainerItemProxy */ = {
			isa = PBXContainerItemProxy;
			containerPortal = A34CCC5A1B822C12005D26CC /* Project object */;
			proxyType = 1;
			remoteGlobalIDString = A34CCC611B822C13005D26CC;
			remoteInfo = HowToUseMasony;
		};
/* End PBXContainerItemProxy section */

/* Begin PBXFileReference section */
		882F337BE83084A59FA152F2 /* libPods.a */ = {isa = PBXFileReference; explicitFileType = archive.ar; includeInIndex = 0; path = libPods.a; sourceTree = BUILT_PRODUCTS_DIR; };
		A34CCC621B822C13005D26CC /* HowToUseMasony.app */ = {isa = PBXFileReference; explicitFileType = wrapper.application; includeInIndex = 0; path = HowToUseMasony.app; sourceTree = BUILT_PRODUCTS_DIR; };
		A34CCC661B822C13005D26CC /* Info.plist */ = {isa = PBXFileReference; lastKnownFileType = text.plist.xml; path = Info.plist; sourceTree = "<group>"; };
		A34CCC671B822C13005D26CC /* main.m */ = {isa = PBXFileReference; lastKnownFileType = sourcecode.c.objc; path = main.m; sourceTree = "<group>"; };
		A34CCC691B822C13005D26CC /* AppDelegate.h */ = {isa = PBXFileReference; lastKnownFileType = sourcecode.c.h; path = AppDelegate.h; sourceTree = "<group>"; };
		A34CCC6A1B822C13005D26CC /* AppDelegate.m */ = {isa = PBXFileReference; lastKnownFileType = sourcecode.c.objc; path = AppDelegate.m; sourceTree = "<group>"; };
		A34CCC6D1B822C13005D26CC /* HowToUseMasony.xcdatamodel */ = {isa = PBXFileReference; lastKnownFileType = wrapper.xcdatamodel; path = HowToUseMasony.xcdatamodel; sourceTree = "<group>"; };
		A34CCC6F1B822C13005D26CC /* ViewController.h */ = {isa = PBXFileReference; lastKnownFileType = sourcecode.c.h; path = ViewController.h; sourceTree = "<group>"; };
		A34CCC701B822C13005D26CC /* ViewController.m */ = {isa = PBXFileReference; lastKnownFileType = sourcecode.c.objc; path = ViewController.m; sourceTree = "<group>"; };
		A34CCC731B822C13005D26CC /* Base */ = {isa = PBXFileReference; lastKnownFileType = file.storyboard; name = Base; path = Base.lproj/Main.storyboard; sourceTree = "<group>"; };
		A34CCC751B822C13005D26CC /* Images.xcassets */ = {isa = PBXFileReference; lastKnownFileType = folder.assetcatalog; path = Images.xcassets; sourceTree = "<group>"; };
		A34CCC781B822C13005D26CC /* Base */ = {isa = PBXFileReference; lastKnownFileType = file.xib; name = Base; path = Base.lproj/LaunchScreen.xib; sourceTree = "<group>"; };
		A34CCC7E1B822C13005D26CC /* HowToUseMasonyTests.xctest */ = {isa = PBXFileReference; explicitFileType = wrapper.cfbundle; includeInIndex = 0; path = HowToUseMasonyTests.xctest; sourceTree = BUILT_PRODUCTS_DIR; };
		A34CCC831B822C13005D26CC /* Info.plist */ = {isa = PBXFileReference; lastKnownFileType = text.plist.xml; path = Info.plist; sourceTree = "<group>"; };
		A34CCC841B822C13005D26CC /* HowToUseMasonyTests.m */ = {isa = PBXFileReference; lastKnownFileType = sourcecode.c.objc; path = HowToUseMasonyTests.m; sourceTree = "<group>"; };
		A38FE83C1B84AAD8007A2B0F /* subViewOne.h */ = {isa = PBXFileReference; fileEncoding = 4; lastKnownFileType = sourcecode.c.h; path = subViewOne.h; sourceTree = "<group>"; };
		A38FE83D1B84AAD8007A2B0F /* subViewOne.m */ = {isa = PBXFileReference; fileEncoding = 4; lastKnownFileType = sourcecode.c.objc; path = subViewOne.m; sourceTree = "<group>"; };
		D302264177A5342BCB23EA97 /* Pods.debug.xcconfig */ = {isa = PBXFileReference; includeInIndex = 1; lastKnownFileType = text.xcconfig; name = Pods.debug.xcconfig; path = "Pods/Target Support Files/Pods/Pods.debug.xcconfig"; sourceTree = "<group>"; };
		E01042F7DBFAFC825CBABDC7 /* Pods.release.xcconfig */ = {isa = PBXFileReference; includeInIndex = 1; lastKnownFileType = text.xcconfig; name = Pods.release.xcconfig; path = "Pods/Target Support Files/Pods/Pods.release.xcconfig"; sourceTree = "<group>"; };
/* End PBXFileReference section */

/* Begin PBXFrameworksBuildPhase section */
		A34CCC5F1B822C13005D26CC /* Frameworks */ = {
			isa = PBXFrameworksBuildPhase;
			buildActionMask = 2147483647;
			files = (
				8DDB102D020FDDA67AA61929 /* libPods.a in Frameworks */,
			);
			runOnlyForDeploymentPostprocessing = 0;
		};
		A34CCC7B1B822C13005D26CC /* Frameworks */ = {
			isa = PBXFrameworksBuildPhase;
			buildActionMask = 2147483647;
			files = (
			);
			runOnlyForDeploymentPostprocessing = 0;
		};
/* End PBXFrameworksBuildPhase section */

/* Begin PBXGroup section */
		0C283B3708E9BF2BF3EC6214 /* Frameworks */ = {
			isa = PBXGroup;
			children = (
				882F337BE83084A59FA152F2 /* libPods.a */,
			);
			name = Frameworks;
			sourceTree = "<group>";
		};
		A34CCC591B822C12005D26CC = {
			isa = PBXGroup;
			children = (
				A34CCC641B822C13005D26CC /* HowToUseMasony */,
				A34CCC811B822C13005D26CC /* HowToUseMasonyTests */,
				A34CCC631B822C13005D26CC /* Products */,
				F221F4463885A510D4A69B3E /* Pods */,
				0C283B3708E9BF2BF3EC6214 /* Frameworks */,
			);
			sourceTree = "<group>";
		};
		A34CCC631B822C13005D26CC /* Products */ = {
			isa = PBXGroup;
			children = (
				A34CCC621B822C13005D26CC /* HowToUseMasony.app */,
				A34CCC7E1B822C13005D26CC /* HowToUseMasonyTests.xctest */,
			);
			name = Products;
			sourceTree = "<group>";
		};
		A34CCC641B822C13005D26CC /* HowToUseMasony */ = {
			isa = PBXGroup;
			children = (
				A34CCC691B822C13005D26CC /* AppDelegate.h */,
				A34CCC6A1B822C13005D26CC /* AppDelegate.m */,
				A34CCC6F1B822C13005D26CC /* ViewController.h */,
				A34CCC701B822C13005D26CC /* ViewController.m */,
				A38FE83C1B84AAD8007A2B0F /* subViewOne.h */,
				A38FE83D1B84AAD8007A2B0F /* subViewOne.m */,
				A34CCC721B822C13005D26CC /* Main.storyboard */,
				A34CCC751B822C13005D26CC /* Images.xcassets */,
				A34CCC771B822C13005D26CC /* LaunchScreen.xib */,
				A34CCC6C1B822C13005D26CC /* HowToUseMasony.xcdatamodeld */,
				A34CCC651B822C13005D26CC /* Supporting Files */,
			);
			path = HowToUseMasony;
			sourceTree = "<group>";
		};
		A34CCC651B822C13005D26CC /* Supporting Files */ = {
			isa = PBXGroup;
			children = (
				A34CCC661B822C13005D26CC /* Info.plist */,
				A34CCC671B822C13005D26CC /* main.m */,
			);
			name = "Supporting Files";
			sourceTree = "<group>";
		};
		A34CCC811B822C13005D26CC /* HowToUseMasonyTests */ = {
			isa = PBXGroup;
			children = (
				A34CCC841B822C13005D26CC /* HowToUseMasonyTests.m */,
				A34CCC821B822C13005D26CC /* Supporting Files */,
			);
			path = HowToUseMasonyTests;
			sourceTree = "<group>";
		};
		A34CCC821B822C13005D26CC /* Supporting Files */ = {
			isa = PBXGroup;
			children = (
				A34CCC831B822C13005D26CC /* Info.plist */,
			);
			name = "Supporting Files";
			sourceTree = "<group>";
		};
		F221F4463885A510D4A69B3E /* Pods */ = {
			isa = PBXGroup;
			children = (
				D302264177A5342BCB23EA97 /* Pods.debug.xcconfig */,
				E01042F7DBFAFC825CBABDC7 /* Pods.release.xcconfig */,
			);
			name = Pods;
			sourceTree = "<group>";
		};
/* End PBXGroup section */

/* Begin PBXNativeTarget section */
		A34CCC611B822C13005D26CC /* HowToUseMasony */ = {
			isa = PBXNativeTarget;
			buildConfigurationList = A34CCC881B822C13005D26CC /* Build configuration list for PBXNativeTarget "HowToUseMasony" */;
			buildPhases = (
				A4BF9E3F160C5BC88D3EBDE7 /* Check Pods Manifest.lock */,
				A34CCC5E1B822C13005D26CC /* Sources */,
				A34CCC5F1B822C13005D26CC /* Frameworks */,
				A34CCC601B822C13005D26CC /* Resources */,
				AFAE30206F39BCFF10E5C164 /* Copy Pods Resources */,
			);
			buildRules = (
			);
			dependencies = (
			);
			name = HowToUseMasony;
			productName = HowToUseMasony;
			productReference = A34CCC621B822C13005D26CC /* HowToUseMasony.app */;
			productType = "com.apple.product-type.application";
		};
		A34CCC7D1B822C13005D26CC /* HowToUseMasonyTests */ = {
			isa = PBXNativeTarget;
			buildConfigurationList = A34CCC8B1B822C13005D26CC /* Build configuration list for PBXNativeTarget "HowToUseMasonyTests" */;
			buildPhases = (
				A34CCC7A1B822C13005D26CC /* Sources */,
				A34CCC7B1B822C13005D26CC /* Frameworks */,
				A34CCC7C1B822C13005D26CC /* Resources */,
			);
			buildRules = (
			);
			dependencies = (
				A34CCC801B822C13005D26CC /* PBXTargetDependency */,
			);
			name = HowToUseMasonyTests;
			productName = HowToUseMasonyTests;
			productReference = A34CCC7E1B822C13005D26CC /* HowToUseMasonyTests.xctest */;
			productType = "com.apple.product-type.bundle.unit-test";
		};
/* End PBXNativeTarget section */

/* Begin PBXProject section */
		A34CCC5A1B822C12005D26CC /* Project object */ = {
			isa = PBXProject;
			attributes = {
				LastUpgradeCheck = 0640;
				ORGANIZATIONNAME = "Rex Ma";
				TargetAttributes = {
					A34CCC611B822C13005D26CC = {
						CreatedOnToolsVersion = 6.4;
					};
					A34CCC7D1B822C13005D26CC = {
						CreatedOnToolsVersion = 6.4;
						TestTargetID = A34CCC611B822C13005D26CC;
					};
				};
			};
			buildConfigurationList = A34CCC5D1B822C12005D26CC /* Build configuration list for PBXProject "HowToUseMasony" */;
			compatibilityVersion = "Xcode 3.2";
			developmentRegion = English;
			hasScannedForEncodings = 0;
			knownRegions = (
				en,
				Base,
			);
			mainGroup = A34CCC591B822C12005D26CC;
			productRefGroup = A34CCC631B822C13005D26CC /* Products */;
			projectDirPath = "";
			projectRoot = "";
			targets = (
				A34CCC611B822C13005D26CC /* HowToUseMasony */,
				A34CCC7D1B822C13005D26CC /* HowToUseMasonyTests */,
			);
		};
/* End PBXProject section */

/* Begin PBXResourcesBuildPhase section */
		A34CCC601B822C13005D26CC /* Resources */ = {
			isa = PBXResourcesBuildPhase;
			buildActionMask = 2147483647;
			files = (
				A34CCC741B822C13005D26CC /* Main.storyboard in Resources */,
				A34CCC791B822C13005D26CC /* LaunchScreen.xib in Resources */,
				A34CCC761B822C13005D26CC /* Images.xcassets in Resources */,
			);
			runOnlyForDeploymentPostprocessing = 0;
		};
		A34CCC7C1B822C13005D26CC /* Resources */ = {
			isa = PBXResourcesBuildPhase;
			buildActionMask = 2147483647;
			files = (
			);
			runOnlyForDeploymentPostprocessing = 0;
		};
/* End PBXResourcesBuildPhase section */

/* Begin PBXShellScriptBuildPhase section */
		A4BF9E3F160C5BC88D3EBDE7 /* Check Pods Manifest.lock */ = {
			isa = PBXShellScriptBuildPhase;
			buildActionMask = 2147483647;
			files = (
			);
			inputPaths = (
			);
			name = "Check Pods Manifest.lock";
			outputPaths = (
			);
			runOnlyForDeploymentPostprocessing = 0;
			shellPath = /bin/sh;
			shellScript = "diff \"${PODS_ROOT}/../Podfile.lock\" \"${PODS_ROOT}/Manifest.lock\" > /dev/null\nif [[ $? != 0 ]] ; then\n    cat << EOM\nerror: The sandbox is not in sync with the Podfile.lock. Run 'pod install' or update your CocoaPods installation.\nEOM\n    exit 1\nfi\n";
			showEnvVarsInLog = 0;
		};
		AFAE30206F39BCFF10E5C164 /* Copy Pods Resources */ = {
			isa = PBXShellScriptBuildPhase;
			buildActionMask = 2147483647;
			files = (
			);
			inputPaths = (
			);
			name = "Copy Pods Resources";
			outputPaths = (
			);
			runOnlyForDeploymentPostprocessing = 0;
			shellPath = /bin/sh;
			shellScript = "\"${SRCROOT}/Pods/Target Support Files/Pods/Pods-resources.sh\"\n";
			showEnvVarsInLog = 0;
		};
/* End PBXShellScriptBuildPhase section */

/* Begin PBXSourcesBuildPhase section */
		A34CCC5E1B822C13005D26CC /* Sources */ = {
			isa = PBXSourcesBuildPhase;
			buildActionMask = 2147483647;
			files = (
				A34CCC6E1B822C13005D26CC /* HowToUseMasony.xcdatamodeld in Sources */,
				A34CCC6B1B822C13005D26CC /* AppDelegate.m in Sources */,
				A38FE83E1B84AAD8007A2B0F /* subViewOne.m in Sources */,
				A34CCC711B822C13005D26CC /* ViewController.m in Sources */,
				A34CCC681B822C13005D26CC /* main.m in Sources */,
			);
			runOnlyForDeploymentPostprocessing = 0;
		};
		A34CCC7A1B822C13005D26CC /* Sources */ = {
			isa = PBXSourcesBuildPhase;
			buildActionMask = 2147483647;
			files = (
				A34CCC851B822C13005D26CC /* HowToUseMasonyTests.m in Sources */,
			);
			runOnlyForDeploymentPostprocessing = 0;
		};
/* End PBXSourcesBuildPhase section */

/* Begin PBXTargetDependency section */
		A34CCC801B822C13005D26CC /* PBXTargetDependency */ = {
			isa = PBXTargetDependency;
			target = A34CCC611B822C13005D26CC /* HowToUseMasony */;
			targetProxy = A34CCC7F1B822C13005D26CC /* PBXContainerItemProxy */;
		};
/* End PBXTargetDependency section */

/* Begin PBXVariantGroup section */
		A34CCC721B822C13005D26CC /* Main.storyboard */ = {
			isa = PBXVariantGroup;
			children = (
				A34CCC731B822C13005D26CC /* Base */,
			);
			name = Main.storyboard;
			sourceTree = "<group>";
		};
		A34CCC771B822C13005D26CC /* LaunchScreen.xib */ = {
			isa = PBXVariantGroup;
			children = (
				A34CCC781B822C13005D26CC /* Base */,
			);
			name = LaunchScreen.xib;
			sourceTree = "<group>";
		};
/* End PBXVariantGroup section */

/* Begin XCBuildConfiguration section */
		A34CCC861B822C13005D26CC /* Debug */ = {
			isa = XCBuildConfiguration;
			buildSettings = {
				ALWAYS_SEARCH_USER_PATHS = NO;
				CLANG_CXX_LANGUAGE_STANDARD = "gnu++0x";
				CLANG_CXX_LIBRARY = "libc++";
				CLANG_ENABLE_MODULES = YES;
				CLANG_ENABLE_OBJC_ARC = YES;
				CLANG_WARN_BOOL_CONVERSION = YES;
				CLANG_WARN_CONSTANT_CONVERSION = YES;
				CLANG_WARN_DIRECT_OBJC_ISA_USAGE = YES_ERROR;
				CLANG_WARN_EMPTY_BODY = YES;
				CLANG_WARN_ENUM_CONVERSION = YES;
				CLANG_WARN_INT_CONVERSION = YES;
				CLANG_WARN_OBJC_ROOT_CLASS = YES_ERROR;
				CLANG_WARN_UNREACHABLE_CODE = YES;
				CLANG_WARN__DUPLICATE_METHOD_MATCH = YES;
				"CODE_SIGN_IDENTITY[sdk=iphoneos*]" = "iPhone Developer";
				COPY_PHASE_STRIP = NO;
				DEBUG_INFORMATION_FORMAT = "dwarf-with-dsym";
				ENABLE_STRICT_OBJC_MSGSEND = YES;
				GCC_C_LANGUAGE_STANDARD = gnu99;
				GCC_DYNAMIC_NO_PIC = NO;
				GCC_NO_COMMON_BLOCKS = YES;
				GCC_OPTIMIZATION_LEVEL = 0;
				GCC_PREPROCESSOR_DEFINITIONS = (
					"DEBUG=1",
					"$(inherited)",
				);
				GCC_SYMBOLS_PRIVATE_EXTERN = NO;
				GCC_WARN_64_TO_32_BIT_CONVERSION = YES;
				GCC_WARN_ABOUT_RETURN_TYPE = YES_ERROR;
				GCC_WARN_UNDECLARED_SELECTOR = YES;
				GCC_WARN_UNINITIALIZED_AUTOS = YES_AGGRESSIVE;
				GCC_WARN_UNUSED_FUNCTION = YES;
				GCC_WARN_UNUSED_VARIABLE = YES;
				IPHONEOS_DEPLOYMENT_TARGET = 8.4;
				MTL_ENABLE_DEBUG_INFO = YES;
				ONLY_ACTIVE_ARCH = YES;
				SDKROOT = iphoneos;
				TARGETED_DEVICE_FAMILY = "1,2";
			};
			name = Debug;
		};
		A34CCC871B822C13005D26CC /* Release */ = {
			isa = XCBuildConfiguration;
			buildSettings = {
				ALWAYS_SEARCH_USER_PATHS = NO;
				CLANG_CXX_LANGUAGE_STANDARD = "gnu++0x";
				CLANG_CXX_LIBRARY = "libc++";
				CLANG_ENABLE_MODULES = YES;
				CLANG_ENABLE_OBJC_ARC = YES;
				CLANG_WARN_BOOL_CONVERSION = YES;
				CLANG_WARN_CONSTANT_CONVERSION = YES;
				CLANG_WARN_DIRECT_OBJC_ISA_USAGE = YES_ERROR;
				CLANG_WARN_EMPTY_BODY = YES;
				CLANG_WARN_ENUM_CONVERSION = YES;
				CLANG_WARN_INT_CONVERSION = YES;
				CLANG_WARN_OBJC_ROOT_CLASS = YES_ERROR;
				CLANG_WARN_UNREACHABLE_CODE = YES;
				CLANG_WARN__DUPLICATE_METHOD_MATCH = YES;
				"CODE_SIGN_IDENTITY[sdk=iphoneos*]" = "iPhone Developer";
				COPY_PHASE_STRIP = NO;
				DEBUG_INFORMATION_FORMAT = "dwarf-with-dsym";
				ENABLE_NS_ASSERTIONS = NO;
				ENABLE_STRICT_OBJC_MSGSEND = YES;
				GCC_C_LANGUAGE_STANDARD = gnu99;
				GCC_NO_COMMON_BLOCKS = YES;
				GCC_WARN_64_TO_32_BIT_CONVERSION = YES;
				GCC_WARN_ABOUT_RETURN_TYPE = YES_ERROR;
				GCC_WARN_UNDECLARED_SELECTOR = YES;
				GCC_WARN_UNINITIALIZED_AUTOS = YES_AGGRESSIVE;
				GCC_WARN_UNUSED_FUNCTION = YES;
				GCC_WARN_UNUSED_VARIABLE = YES;
				IPHONEOS_DEPLOYMENT_TARGET = 8.4;
				MTL_ENABLE_DEBUG_INFO = NO;
				SDKROOT = iphoneos;
				TARGETED_DEVICE_FAMILY = "1,2";
				VALIDATE_PRODUCT = YES;
			};
			name = Release;
		};
		A34CCC891B822C13005D26CC /* Debug */ = {
			isa = XCBuildConfiguration;
			baseConfigurationReference = D302264177A5342BCB23EA97 /* Pods.debug.xcconfig */;
			buildSettings = {
				ASSETCATALOG_COMPILER_APPICON_NAME = AppIcon;
				INFOPLIST_FILE = HowToUseMasony/Info.plist;
				IPHONEOS_DEPLOYMENT_TARGET = 8.0;
				LD_RUNPATH_SEARCH_PATHS = "$(inherited) @executable_path/Frameworks";
				PRODUCT_NAME = "$(TARGET_NAME)";
			};
			name = Debug;
		};
		A34CCC8A1B822C13005D26CC /* Release */ = {
			isa = XCBuildConfiguration;
			baseConfigurationReference = E01042F7DBFAFC825CBABDC7 /* Pods.release.xcconfig */;
			buildSettings = {
				ASSETCATALOG_COMPILER_APPICON_NAME = AppIcon;
				INFOPLIST_FILE = HowToUseMasony/Info.plist;
				IPHONEOS_DEPLOYMENT_TARGET = 8.0;
				LD_RUNPATH_SEARCH_PATHS = "$(inherited) @executable_path/Frameworks";
				PRODUCT_NAME = "$(TARGET_NAME)";
			};
			name = Release;
		};
		A34CCC8C1B822C13005D26CC /* Debug */ = {
			isa = XCBuildConfiguration;
			buildSettings = {
				BUNDLE_LOADER = "$(TEST_HOST)";
				FRAMEWORK_SEARCH_PATHS = (
					"$(SDKROOT)/Developer/Library/Frameworks",
					"$(inherited)",
				);
				GCC_PREPROCESSOR_DEFINITIONS = (
					"DEBUG=1",
					"$(inherited)",
				);
				INFOPLIST_FILE = HowToUseMasonyTests/Info.plist;
				LD_RUNPATH_SEARCH_PATHS = "$(inherited) @executable_path/Frameworks @loader_path/Frameworks";
				PRODUCT_NAME = "$(TARGET_NAME)";
				TEST_HOST = "$(BUILT_PRODUCTS_DIR)/HowToUseMasony.app/HowToUseMasony";
			};
			name = Debug;
		};
		A34CCC8D1B822C13005D26CC /* Release */ = {
			isa = XCBuildConfiguration;
			buildSettings = {
				BUNDLE_LOADER = "$(TEST_HOST)";
				FRAMEWORK_SEARCH_PATHS = (
					"$(SDKROOT)/Developer/Library/Frameworks",
					"$(inherited)",
				);
				INFOPLIST_FILE = HowToUseMasonyTests/Info.plist;
				LD_RUNPATH_SEARCH_PATHS = "$(inherited) @executable_path/Frameworks @loader_path/Frameworks";
				PRODUCT_NAME = "$(TARGET_NAME)";
				TEST_HOST = "$(BUILT_PRODUCTS_DIR)/HowToUseMasony.app/HowToUseMasony";
			};
			name = Release;
		};
/* End XCBuildConfiguration section */

/* Begin XCConfigurationList section */
		A34CCC5D1B822C12005D26CC /* Build configuration list for PBXProject "HowToUseMasony" */ = {
			isa = XCConfigurationList;
			buildConfigurations = (
				A34CCC861B822C13005D26CC /* Debug */,
				A34CCC871B822C13005D26CC /* Release */,
			);
			defaultConfigurationIsVisible = 0;
			defaultConfigurationName = Release;
		};
		A34CCC881B822C13005D26CC /* Build configuration list for PBXNativeTarget "HowToUseMasony" */ = {
			isa = XCConfigurationList;
			buildConfigurations = (
				A34CCC891B822C13005D26CC /* Debug */,
				A34CCC8A1B822C13005D26CC /* Release */,
			);
			defaultConfigurationIsVisible = 0;
			defaultConfigurationName = Release;
		};
		A34CCC8B1B822C13005D26CC /* Build configuration list for PBXNativeTarget "HowToUseMasonyTests" */ = {
			isa = XCConfigurationList;
			buildConfigurations = (
				A34CCC8C1B822C13005D26CC /* Debug */,
				A34CCC8D1B822C13005D26CC /* Release */,
			);
			defaultConfigurationIsVisible = 0;
			defaultConfigurationName = Release;
		};
/* End XCConfigurationList section */

/* Begin XCVersionGroup section */
		A34CCC6C1B822C13005D26CC /* HowToUseMasony.xcdatamodeld */ = {
			isa = XCVersionGroup;
			children = (
				A34CCC6D1B822C13005D26CC /* HowToUseMasony.xcdatamodel */,
			);
			currentVersion = A34CCC6D1B822C13005D26CC /* HowToUseMasony.xcdatamodel */;
			path = HowToUseMasony.xcdatamodeld;
			sourceTree = "<group>";
			versionGroupType = wrapper.xcdatamodel;
		};
/* End XCVersionGroup section */
	};
	rootObject = A34CCC5A1B822C12005D26CC /* Project object */;
}
